
Microsoft Visual Studio Solution File, Format Version 12.00
# Visual Studio Version 17
VisualStudioVersion = 17.0.32112.339
MinimumVisualStudioVersion = 10.0.40219.1
Project("{FAE04EC0-301F-11D3-BF4B-00C04F79EFBC}") = "ApiProcesso", "ApiProcesso.csproj", "{A498284B-6CC6-4711-B9A1-6D0D0E575AEC}"
EndProject
Global
	GlobalSection(SolutionConfigurationPlatforms) = preSolution
		Debug|Any CPU = Debug|Any CPU
		Release|Any CPU = Release|Any CPU
	EndGlobalSection
	GlobalSection(ProjectConfigurationPlatforms) = postSolution
		{A498284B-6CC6-4711-B9A1-6D0D0E575AEC}.Debug|Any CPU.ActiveCfg = Debug|Any CPU
		{A498284B-6CC6-4711-B9A1-6D0D0E575AEC}.Debug|Any CPU.Build.0 = Debug|Any CPU
		{A498284B-6CC6-4711-B9A1-6D0D0E575AEC}.Release|Any CPU.ActiveCfg = Release|Any CPU
		{A498284B-6CC6-4711-B9A1-6D0D0E575AEC}.Release|Any CPU.Build.0 = Release|Any CPU
	EndGlobalSection
	GlobalSection(SolutionProperties) = preSolution
		HideSolutionNode = FALSE
	EndGlobalSection
	GlobalSection(ExtensibilityGlobals) = postSolution
		SolutionGuid = {54C72FB3-04A3-4A8B-B305-5502FB5056E6}
	EndGlobalSection
EndGlobal
